// !$*UTF8*$!
{
	archiveVersion = 1;
	classes = {
	};
	objectVersion = 50;
	objects = {

/* Begin PBXBuildFile section */
		0A05F660221E6A060055DB4F /* AdyenRN.swift in Sources */ = {isa = PBXBuildFile; fileRef = 0A05F65F221E6A060055DB4F /* AdyenRN.swift */; };
		0A05F6C8221E74D20055DB4F /* AdyenRN.m in Sources */ = {isa = PBXBuildFile; fileRef = 0A05F6C7221E74D20055DB4F /* AdyenRN.m */; };
		0A05F6CB221E771F0055DB4F /* AdyenRN-Bridging-Header.h in Sources */ = {isa = PBXBuildFile; fileRef = 0A05F6CA221E76EC0055DB4F /* AdyenRN-Bridging-Header.h */; };
		8360CCB68DFF56DDDAE05EC3 /* Pods_AdyenRN.framework in Frameworks */ = {isa = PBXBuildFile; fileRef = 9500C8469153B0E8B05A2937 /* Pods_AdyenRN.framework */; };
/* End PBXBuildFile section */

/* Begin PBXCopyFilesBuildPhase section */
		0A05F65A221E6A060055DB4F /* CopyFiles */ = {
			isa = PBXCopyFilesBuildPhase;
			buildActionMask = 2147483647;
			dstPath = "include/$(PRODUCT_NAME)";
			dstSubfolderSpec = 16;
			files = (
			);
			runOnlyForDeploymentPostprocessing = 0;
		};
/* End PBXCopyFilesBuildPhase section */

/* Begin PBXFileReference section */
		0A05F65C221E6A060055DB4F /* libAdyenRN.a */ = {isa = PBXFileReference; explicitFileType = archive.ar; includeInIndex = 0; path = libAdyenRN.a; sourceTree = BUILT_PRODUCTS_DIR; };
		0A05F65F221E6A060055DB4F /* AdyenRN.swift */ = {isa = PBXFileReference; lastKnownFileType = sourcecode.swift; path = AdyenRN.swift; sourceTree = "<group>"; };
		0A05F6C7221E74D20055DB4F /* AdyenRN.m */ = {isa = PBXFileReference; lastKnownFileType = sourcecode.c.objc; path = AdyenRN.m; sourceTree = "<group>"; };
		0A05F6CA221E76EC0055DB4F /* AdyenRN-Bridging-Header.h */ = {isa = PBXFileReference; lastKnownFileType = sourcecode.c.h; path = "AdyenRN-Bridging-Header.h"; sourceTree = "<group>"; };
		3A5D12670CD030C50259AF4B /* Pods-AdyenRN.release.xcconfig */ = {isa = PBXFileReference; includeInIndex = 1; lastKnownFileType = text.xcconfig; name = "Pods-AdyenRN.release.xcconfig"; path = "Target Support Files/Pods-AdyenRN/Pods-AdyenRN.release.xcconfig"; sourceTree = "<group>"; };
		9500C8469153B0E8B05A2937 /* Pods_AdyenRN.framework */ = {isa = PBXFileReference; explicitFileType = wrapper.framework; includeInIndex = 0; path = Pods_AdyenRN.framework; sourceTree = BUILT_PRODUCTS_DIR; };
		D1A6B43F93CC369F0F09D309 /* Pods-AdyenRN.debug.xcconfig */ = {isa = PBXFileReference; includeInIndex = 1; lastKnownFileType = text.xcconfig; name = "Pods-AdyenRN.debug.xcconfig"; path = "Target Support Files/Pods-AdyenRN/Pods-AdyenRN.debug.xcconfig"; sourceTree = "<group>"; };
/* End PBXFileReference section */

/* Begin PBXFrameworksBuildPhase section */
		0A05F659221E6A060055DB4F /* Frameworks */ = {
			isa = PBXFrameworksBuildPhase;
			buildActionMask = 2147483647;
			files = (
				8360CCB68DFF56DDDAE05EC3 /* Pods_AdyenRN.framework in Frameworks */,
			);
			runOnlyForDeploymentPostprocessing = 0;
		};
/* End PBXFrameworksBuildPhase section */

/* Begin PBXGroup section */
		0A05F653221E6A060055DB4F = {
			isa = PBXGroup;
			children = (
				0A05F65E221E6A060055DB4F /* AdyenRN */,
				0A05F65D221E6A060055DB4F /* Products */,
				64940EDA04197795CE922989 /* Pods */,
				11E2B300F5126AE8DD0D0B8B /* Frameworks */,
			);
			sourceTree = "<group>";
		};
		0A05F65D221E6A060055DB4F /* Products */ = {
			isa = PBXGroup;
			children = (
				0A05F65C221E6A060055DB4F /* libAdyenRN.a */,
			);
			name = Products;
			sourceTree = "<group>";
		};
		0A05F65E221E6A060055DB4F /* AdyenRN */ = {
			isa = PBXGroup;
			children = (
				0A05F65F221E6A060055DB4F /* AdyenRN.swift */,
				0A05F6C7221E74D20055DB4F /* AdyenRN.m */,
				0A05F6CA221E76EC0055DB4F /* AdyenRN-Bridging-Header.h */,
			);
			path = AdyenRN;
			sourceTree = "<group>";
		};
		11E2B300F5126AE8DD0D0B8B /* Frameworks */ = {
			isa = PBXGroup;
			children = (
				9500C8469153B0E8B05A2937 /* Pods_AdyenRN.framework */,
			);
			name = Frameworks;
			sourceTree = "<group>";
		};
		64940EDA04197795CE922989 /* Pods */ = {
			isa = PBXGroup;
			children = (
				D1A6B43F93CC369F0F09D309 /* Pods-AdyenRN.debug.xcconfig */,
				3A5D12670CD030C50259AF4B /* Pods-AdyenRN.release.xcconfig */,
			);
			path = Pods;
			sourceTree = "<group>";
		};
/* End PBXGroup section */

/* Begin PBXNativeTarget section */
		0A05F65B221E6A060055DB4F /* AdyenRN */ = {
			isa = PBXNativeTarget;
			buildConfigurationList = 0A05F663221E6A060055DB4F /* Build configuration list for PBXNativeTarget "AdyenRN" */;
			buildPhases = (
				11ED3B81FB6719DAFE129EB3 /* [CP] Check Pods Manifest.lock */,
				0A05F658221E6A060055DB4F /* Sources */,
				0A05F659221E6A060055DB4F /* Frameworks */,
				0A05F65A221E6A060055DB4F /* CopyFiles */,
			);
			buildRules = (
			);
			dependencies = (
			);
			name = AdyenRN;
			productName = AdyenRN;
			productReference = 0A05F65C221E6A060055DB4F /* libAdyenRN.a */;
			productType = "com.apple.product-type.library.static";
		};
/* End PBXNativeTarget section */

/* Begin PBXProject section */
		0A05F654221E6A060055DB4F /* Project object */ = {
			isa = PBXProject;
			attributes = {
				LastSwiftUpdateCheck = 0940;
				LastUpgradeCheck = 0940;
				ORGANIZATIONNAME = "Dmitry Belov";
				TargetAttributes = {
					0A05F65B221E6A060055DB4F = {
						CreatedOnToolsVersion = 9.4.1;
						LastSwiftMigration = 0940;
					};
				};
			};
			buildConfigurationList = 0A05F657221E6A060055DB4F /* Build configuration list for PBXProject "AdyenRN" */;
			compatibilityVersion = "Xcode 9.3";
			developmentRegion = en;
			hasScannedForEncodings = 0;
			knownRegions = (
				en,
			);
			mainGroup = 0A05F653221E6A060055DB4F;
			productRefGroup = 0A05F65D221E6A060055DB4F /* Products */;
			projectDirPath = "";
			projectRoot = "";
			targets = (
				0A05F65B221E6A060055DB4F /* AdyenRN */,
			);
		};
/* End PBXProject section */

/* Begin PBXShellScriptBuildPhase section */
		11ED3B81FB6719DAFE129EB3 /* [CP] Check Pods Manifest.lock */ = {
			isa = PBXShellScriptBuildPhase;
			buildActionMask = 2147483647;
			files = (
			);
			inputPaths = (
				"${PODS_PODFILE_DIR_PATH}/Podfile.lock",
				"${PODS_ROOT}/Manifest.lock",
			);
			name = "[CP] Check Pods Manifest.lock";
			outputPaths = (
				"$(DERIVED_FILE_DIR)/Pods-AdyenRN-checkManifestLockResult.txt",
			);
			runOnlyForDeploymentPostprocessing = 0;
			shellPath = /bin/sh;
			shellScript = "diff \"${PODS_PODFILE_DIR_PATH}/Podfile.lock\" \"${PODS_ROOT}/Manifest.lock\" > /dev/null\nif [ $? != 0 ] ; then\n    # print error to STDERR\n    echo \"error: The sandbox is not in sync with the Podfile.lock. Run 'pod install' or update your CocoaPods installation.\" >&2\n    exit 1\nfi\n# This output is used by Xcode 'outputs' to avoid re-running this script phase.\necho \"SUCCESS\" > \"${SCRIPT_OUTPUT_FILE_0}\"\n";
			showEnvVarsInLog = 0;
		};
/* End PBXShellScriptBuildPhase section */

/* Begin PBXSourcesBuildPhase section */
		0A05F658221E6A060055DB4F /* Sources */ = {
			isa = PBXSourcesBuildPhase;
			buildActionMask = 2147483647;
			files = (
				0A05F660221E6A060055DB4F /* AdyenRN.swift in Sources */,
				0A05F6CB221E771F0055DB4F /* AdyenRN-Bridging-Header.h in Sources */,
				0A05F6C8221E74D20055DB4F /* AdyenRN.m in Sources */,
			);
			runOnlyForDeploymentPostprocessing = 0;
		};
/* End PBXSourcesBuildPhase section */

/* Begin XCBuildConfiguration section */
		0A05F661221E6A060055DB4F /* Debug */ = {
			isa = XCBuildConfiguration;
			buildSettings = {
				ALWAYS_SEARCH_USER_PATHS = NO;
				CLANG_ANALYZER_NONNULL = YES;
				CLANG_ANALYZER_NUMBER_OBJECT_CONVERSION = YES_AGGRESSIVE;
				CLANG_CXX_LANGUAGE_STANDARD = "gnu++14";
				CLANG_CXX_LIBRARY = "libc++";
				CLANG_ENABLE_MODULES = YES;
				CLANG_ENABLE_OBJC_ARC = YES;
				CLANG_ENABLE_OBJC_WEAK = YES;
				CLANG_WARN_BLOCK_CAPTURE_AUTORELEASING = YES;
				CLANG_WARN_BOOL_CONVERSION = YES;
				CLANG_WARN_COMMA = YES;
				CLANG_WARN_CONSTANT_CONVERSION = YES;
				CLANG_WARN_DEPRECATED_OBJC_IMPLEMENTATIONS = YES;
				CLANG_WARN_DIRECT_OBJC_ISA_USAGE = YES_ERROR;
				CLANG_WARN_DOCUMENTATION_COMMENTS = YES;
				CLANG_WARN_EMPTY_BODY = YES;
				CLANG_WARN_ENUM_CONVERSION = YES;
				CLANG_WARN_INFINITE_RECURSION = YES;
				CLANG_WARN_INT_CONVERSION = YES;
				CLANG_WARN_NON_LITERAL_NULL_CONVERSION = YES;
				CLANG_WARN_OBJC_IMPLICIT_RETAIN_SELF = YES;
				CLANG_WARN_OBJC_LITERAL_CONVERSION = YES;
				CLANG_WARN_OBJC_ROOT_CLASS = YES_ERROR;
				CLANG_WARN_RANGE_LOOP_ANALYSIS = YES;
				CLANG_WARN_STRICT_PROTOTYPES = YES;
				CLANG_WARN_SUSPICIOUS_MOVE = YES;
				CLANG_WARN_UNGUARDED_AVAILABILITY = YES_AGGRESSIVE;
				CLANG_WARN_UNREACHABLE_CODE = YES;
				CLANG_WARN__DUPLICATE_METHOD_MATCH = YES;
				CODE_SIGN_IDENTITY = "iPhone Developer";
				COPY_PHASE_STRIP = NO;
				DEBUG_INFORMATION_FORMAT = dwarf;
				ENABLE_STRICT_OBJC_MSGSEND = YES;
				ENABLE_TESTABILITY = YES;
				GCC_C_LANGUAGE_STANDARD = gnu11;
				GCC_DYNAMIC_NO_PIC = NO;
				GCC_NO_COMMON_BLOCKS = YES;
				GCC_OPTIMIZATION_LEVEL = 0;
				GCC_PREPROCESSOR_DEFINITIONS = (
					"DEBUG=1",
					"$(inherited)",
				);
				GCC_WARN_64_TO_32_BIT_CONVERSION = YES;
				GCC_WARN_ABOUT_RETURN_TYPE = YES_ERROR;
				GCC_WARN_UNDECLARED_SELECTOR = YES;
				GCC_WARN_UNINITIALIZED_AUTOS = YES_AGGRESSIVE;
				GCC_WARN_UNUSED_FUNCTION = YES;
				GCC_WARN_UNUSED_VARIABLE = YES;
				IPHONEOS_DEPLOYMENT_TARGET = 11.4;
				MTL_ENABLE_DEBUG_INFO = YES;
				ONLY_ACTIVE_ARCH = YES;
				SDKROOT = iphoneos;
				SWIFT_ACTIVE_COMPILATION_CONDITIONS = DEBUG;
				SWIFT_OPTIMIZATION_LEVEL = "-Onone";
			};
			name = Debug;
		};
		0A05F662221E6A060055DB4F /* Release */ = {
			isa = XCBuildConfiguration;
			buildSettings = {
				ALWAYS_SEARCH_USER_PATHS = NO;
				CLANG_ANALYZER_NONNULL = YES;
				CLANG_ANALYZER_NUMBER_OBJECT_CONVERSION = YES_AGGRESSIVE;
				CLANG_CXX_LANGUAGE_STANDARD = "gnu++14";
				CLANG_CXX_LIBRARY = "libc++";
				CLANG_ENABLE_MODULES = YES;
				CLANG_ENABLE_OBJC_ARC = YES;
				CLANG_ENABLE_OBJC_WEAK = YES;
				CLANG_WARN_BLOCK_CAPTURE_AUTORELEASING = YES;
				CLANG_WARN_BOOL_CONVERSION = YES;
				CLANG_WARN_COMMA = YES;
				CLANG_WARN_CONSTANT_CONVERSION = YES;
				CLANG_WARN_DEPRECATED_OBJC_IMPLEMENTATIONS = YES;
				CLANG_WARN_DIRECT_OBJC_ISA_USAGE = YES_ERROR;
				CLANG_WARN_DOCUMENTATION_COMMENTS = YES;
				CLANG_WARN_EMPTY_BODY = YES;
				CLANG_WARN_ENUM_CONVERSION = YES;
				CLANG_WARN_INFINITE_RECURSION = YES;
				CLANG_WARN_INT_CONVERSION = YES;
				CLANG_WARN_NON_LITERAL_NULL_CONVERSION = YES;
				CLANG_WARN_OBJC_IMPLICIT_RETAIN_SELF = YES;
				CLANG_WARN_OBJC_LITERAL_CONVERSION = YES;
				CLANG_WARN_OBJC_ROOT_CLASS = YES_ERROR;
				CLANG_WARN_RANGE_LOOP_ANALYSIS = YES;
				CLANG_WARN_STRICT_PROTOTYPES = YES;
				CLANG_WARN_SUSPICIOUS_MOVE = YES;
				CLANG_WARN_UNGUARDED_AVAILABILITY = YES_AGGRESSIVE;
				CLANG_WARN_UNREACHABLE_CODE = YES;
				CLANG_WARN__DUPLICATE_METHOD_MATCH = YES;
				CODE_SIGN_IDENTITY = "iPhone Developer";
				COPY_PHASE_STRIP = NO;
				DEBUG_INFORMATION_FORMAT = "dwarf-with-dsym";
				ENABLE_NS_ASSERTIONS = NO;
				ENABLE_STRICT_OBJC_MSGSEND = YES;
				GCC_C_LANGUAGE_STANDARD = gnu11;
				GCC_NO_COMMON_BLOCKS = YES;
				GCC_WARN_64_TO_32_BIT_CONVERSION = YES;
				GCC_WARN_ABOUT_RETURN_TYPE = YES_ERROR;
				GCC_WARN_UNDECLARED_SELECTOR = YES;
				GCC_WARN_UNINITIALIZED_AUTOS = YES_AGGRESSIVE;
				GCC_WARN_UNUSED_FUNCTION = YES;
				GCC_WARN_UNUSED_VARIABLE = YES;
				IPHONEOS_DEPLOYMENT_TARGET = 11.4;
				MTL_ENABLE_DEBUG_INFO = NO;
				SDKROOT = iphoneos;
				SWIFT_COMPILATION_MODE = wholemodule;
				SWIFT_OPTIMIZATION_LEVEL = "-O";
				VALIDATE_PRODUCT = YES;
			};
			name = Release;
		};
		0A05F664221E6A060055DB4F /* Debug */ = {
			isa = XCBuildConfiguration;
			baseConfigurationReference = D1A6B43F93CC369F0F09D309 /* Pods-AdyenRN.debug.xcconfig */;
			buildSettings = {
				CLANG_ENABLE_MODULES = YES;
				CODE_SIGN_STYLE = Automatic;
				DEVELOPMENT_TEAM = 6RP6FJXB35;
				HEADER_SEARCH_PATHS = "$(SRCROOT)/../../react-native/React/**";
				LD_RUNPATH_SEARCH_PATHS = (
					"$(inherited)",
					"@executable_path/Frameworks",
					"@loader_path/Frameworks",
				);
				OTHER_LDFLAGS = "-ObjC";
				PRODUCT_NAME = "$(TARGET_NAME)";
				SKIP_INSTALL = YES;
				SWIFT_OBJC_BRIDGING_HEADER = "AdyenRN/AdyenRN-Bridging-Header.h";
				SWIFT_OPTIMIZATION_LEVEL = "-Onone";
				SWIFT_VERSION = 4.2;
				TARGETED_DEVICE_FAMILY = "1,2";
			};
			name = Debug;
		};
		0A05F665221E6A060055DB4F /* Release */ = {
			isa = XCBuildConfiguration;
			baseConfigurationReference = 3A5D12670CD030C50259AF4B /* Pods-AdyenRN.release.xcconfig */;
			buildSettings = {
				CLANG_ENABLE_MODULES = YES;
				CODE_SIGN_STYLE = Automatic;
				DEVELOPMENT_TEAM = 6RP6FJXB35;
				HEADER_SEARCH_PATHS = "$(SRCROOT)/../../react-native/React/**";
				LD_RUNPATH_SEARCH_PATHS = (
					"$(inherited)",
					"@executable_path/Frameworks",
					"@loader_path/Frameworks",
				);
				OTHER_LDFLAGS = "-ObjC";
				PRODUCT_NAME = "$(TARGET_NAME)";
				SKIP_INSTALL = YES;
				SWIFT_OBJC_BRIDGING_HEADER = "AdyenRN/AdyenRN-Bridging-Header.h";
				SWIFT_VERSION = 4.2;
				TARGETED_DEVICE_FAMILY = "1,2";
			};
			name = Release;
		};
/* End XCBuildConfiguration section */

/* Begin XCConfigurationList section */
		0A05F657221E6A060055DB4F /* Build configuration list for PBXProject "AdyenRN" */ = {
			isa = XCConfigurationList;
			buildConfigurations = (
				0A05F661221E6A060055DB4F /* Debug */,
				0A05F662221E6A060055DB4F /* Release */,
			);
			defaultConfigurationIsVisible = 0;
			defaultConfigurationName = Release;
		};
		0A05F663221E6A060055DB4F /* Build configuration list for PBXNativeTarget "AdyenRN" */ = {
			isa = XCConfigurationList;
			buildConfigurations = (
				0A05F664221E6A060055DB4F /* Debug */,
				0A05F665221E6A060055DB4F /* Release */,
			);
			defaultConfigurationIsVisible = 0;
			defaultConfigurationName = Release;
		};
/* End XCConfigurationList section */
	};
	rootObject = 0A05F654221E6A060055DB4F /* Project object */;
}
