PODS:
  - Adyen (2.4.0):
    - Adyen/Card (= 2.4.0)
    - Adyen/Core (= 2.4.0)
    - Adyen/SEPA (= 2.4.0)
  - Adyen/Card (2.4.0):
    - Adyen/Core
  - Adyen/Core (2.4.0):
    - AdyenInternal (= 2.4.0)
  - Adyen/SEPA (2.4.0):
    - Adyen/Core
  - AdyenInternal (2.4.0)

DEPENDENCIES:
  - Adyen

SPEC REPOS:
  https://github.com/cocoapods/specs.git:
    - Adyen
    - AdyenInternal

SPEC CHECKSUMS:
  Adyen: efabccf930ce67821b4cd656c41b3f1ecc808bb2
  AdyenInternal: 0d35f52517d00c8333364b1233b26cbcd17737dc

PODFILE CHECKSUM: 4994987dc59dc8304ba7a33344cf9c91b930a551

COCOAPODS: 1.6.0.beta.2
